// !$*UTF8*$!
{
	archiveVersion = 1;
	classes = {
	};
	objectVersion = 46;
	objects = {

/* Begin PBXBuildFile section */
		8A68F5711A71808A00FEC4EA /* main.m in Sources */ = {isa = PBXBuildFile; fileRef = 8A68F5701A71808A00FEC4EA /* main.m */; };
		8A68F5741A71808A00FEC4EA /* AppDelegate.m in Sources */ = {isa = PBXBuildFile; fileRef = 8A68F5731A71808A00FEC4EA /* AppDelegate.m */; };
		8A68F5771A71808A00FEC4EA /* ViewController.m in Sources */ = {isa = PBXBuildFile; fileRef = 8A68F5761A71808A00FEC4EA /* ViewController.m */; };
		8A68F57A1A71808A00FEC4EA /* Main.storyboard in Resources */ = {isa = PBXBuildFile; fileRef = 8A68F5781A71808A00FEC4EA /* Main.storyboard */; };
		8A68F57C1A71808A00FEC4EA /* Images.xcassets in Resources */ = {isa = PBXBuildFile; fileRef = 8A68F57B1A71808A00FEC4EA /* Images.xcassets */; };
		8A68F57F1A71808A00FEC4EA /* LaunchScreen.xib in Resources */ = {isa = PBXBuildFile; fileRef = 8A68F57D1A71808A00FEC4EA /* LaunchScreen.xib */; };
		8A68F58B1A71808A00FEC4EA /* FastestRPMTests.m in Sources */ = {isa = PBXBuildFile; fileRef = 8A68F58A1A71808A00FEC4EA /* FastestRPMTests.m */; };
		8A68F5961A71810900FEC4EA /* speedNeedle.png in Resources */ = {isa = PBXBuildFile; fileRef = 8A68F5941A71810900FEC4EA /* speedNeedle.png */; };
		8A68F5971A71810900FEC4EA /* speedometer.png in Resources */ = {isa = PBXBuildFile; fileRef = 8A68F5951A71810900FEC4EA /* speedometer.png */; };
/* End PBXBuildFile section */

/* Begin PBXContainerItemProxy section */
		8A68F5851A71808A00FEC4EA /* PBXContainerItemProxy */ = {
			isa = PBXContainerItemProxy;
			containerPortal = 8A68F5631A71808A00FEC4EA /* Project object */;
			proxyType = 1;
			remoteGlobalIDString = 8A68F56A1A71808A00FEC4EA;
			remoteInfo = FastestRPM;
		};
/* End PBXContainerItemProxy section */

/* Begin PBXFileReference section */
		8A68F56B1A71808A00FEC4EA /* FastestRPM.app */ = {isa = PBXFileReference; explicitFileType = wrapper.application; includeInIndex = 0; path = FastestRPM.app; sourceTree = BUILT_PRODUCTS_DIR; };
		8A68F56F1A71808A00FEC4EA /* Info.plist */ = {isa = PBXFileReference; lastKnownFileType = text.plist.xml; path = Info.plist; sourceTree = "<group>"; };
		8A68F5701A71808A00FEC4EA /* main.m */ = {isa = PBXFileReference; lastKnownFileType = sourcecode.c.objc; path = main.m; sourceTree = "<group>"; };
		8A68F5721A71808A00FEC4EA /* AppDelegate.h */ = {isa = PBXFileReference; lastKnownFileType = sourcecode.c.h; path = AppDelegate.h; sourceTree = "<group>"; };
		8A68F5731A71808A00FEC4EA /* AppDelegate.m */ = {isa = PBXFileReference; lastKnownFileType = sourcecode.c.objc; path = AppDelegate.m; sourceTree = "<group>"; };
		8A68F5751A71808A00FEC4EA /* ViewController.h */ = {isa = PBXFileReference; lastKnownFileType = sourcecode.c.h; path = ViewController.h; sourceTree = "<group>"; };
		8A68F5761A71808A00FEC4EA /* ViewController.m */ = {isa = PBXFileReference; lastKnownFileType = sourcecode.c.objc; path = ViewController.m; sourceTree = "<group>"; };
		8A68F5791A71808A00FEC4EA /* Base */ = {isa = PBXFileReference; lastKnownFileType = file.storyboard; name = Base; path = Base.lproj/Main.storyboard; sourceTree = "<group>"; };
		8A68F57B1A71808A00FEC4EA /* Images.xcassets */ = {isa = PBXFileReference; lastKnownFileType = folder.assetcatalog; path = Images.xcassets; sourceTree = "<group>"; };
		8A68F57E1A71808A00FEC4EA /* Base */ = {isa = PBXFileReference; lastKnownFileType = file.xib; name = Base; path = Base.lproj/LaunchScreen.xib; sourceTree = "<group>"; };
		8A68F5841A71808A00FEC4EA /* FastestRPMTests.xctest */ = {isa = PBXFileReference; explicitFileType = wrapper.cfbundle; includeInIndex = 0; path = FastestRPMTests.xctest; sourceTree = BUILT_PRODUCTS_DIR; };
		8A68F5891A71808A00FEC4EA /* Info.plist */ = {isa = PBXFileReference; lastKnownFileType = text.plist.xml; path = Info.plist; sourceTree = "<group>"; };
		8A68F58A1A71808A00FEC4EA /* FastestRPMTests.m */ = {isa = PBXFileReference; lastKnownFileType = sourcecode.c.objc; path = FastestRPMTests.m; sourceTree = "<group>"; };
		8A68F5941A71810900FEC4EA /* speedNeedle.png */ = {isa = PBXFileReference; lastKnownFileType = image.png; name = speedNeedle.png; path = ../speedNeedle.png; sourceTree = "<group>"; };
		8A68F5951A71810900FEC4EA /* speedometer.png */ = {isa = PBXFileReference; lastKnownFileType = image.png; name = speedometer.png; path = ../speedometer.png; sourceTree = "<group>"; };
/* End PBXFileReference section */

/* Begin PBXFrameworksBuildPhase section */
		8A68F5681A71808A00FEC4EA /* Frameworks */ = {
			isa = PBXFrameworksBuildPhase;
			buildActionMask = 2147483647;
			files = (
			);
			runOnlyForDeploymentPostprocessing = 0;
		};
		8A68F5811A71808A00FEC4EA /* Frameworks */ = {
			isa = PBXFrameworksBuildPhase;
			buildActionMask = 2147483647;
			files = (
			);
			runOnlyForDeploymentPostprocessing = 0;
		};
/* End PBXFrameworksBuildPhase section */

/* Begin PBXGroup section */
		8A68F5621A71808A00FEC4EA = {
			isa = PBXGroup;
			children = (
				8A68F56D1A71808A00FEC4EA /* FastestRPM */,
				8A68F5871A71808A00FEC4EA /* FastestRPMTests */,
				8A68F56C1A71808A00FEC4EA /* Products */,
			);
			sourceTree = "<group>";
		};
		8A68F56C1A71808A00FEC4EA /* Products */ = {
			isa = PBXGroup;
			children = (
				8A68F56B1A71808A00FEC4EA /* FastestRPM.app */,
				8A68F5841A71808A00FEC4EA /* FastestRPMTests.xctest */,
			);
			name = Products;
			sourceTree = "<group>";
		};
		8A68F56D1A71808A00FEC4EA /* FastestRPM */ = {
			isa = PBXGroup;
			children = (
				8A68F5751A71808A00FEC4EA /* ViewController.h */,
				8A68F5761A71808A00FEC4EA /* ViewController.m */,
				8A68F5781A71808A00FEC4EA /* Main.storyboard */,
				8A68F5941A71810900FEC4EA /* speedNeedle.png */,
				8A68F5951A71810900FEC4EA /* speedometer.png */,
				8A68F57B1A71808A00FEC4EA /* Images.xcassets */,
				8A68F57D1A71808A00FEC4EA /* LaunchScreen.xib */,
				8A68F56E1A71808A00FEC4EA /* Supporting Files */,
			);
			path = FastestRPM;
			sourceTree = "<group>";
		};
		8A68F56E1A71808A00FEC4EA /* Supporting Files */ = {
			isa = PBXGroup;
			children = (
				8A68F5721A71808A00FEC4EA /* AppDelegate.h */,
				8A68F5731A71808A00FEC4EA /* AppDelegate.m */,
				8A68F56F1A71808A00FEC4EA /* Info.plist */,
				8A68F5701A71808A00FEC4EA /* main.m */,
			);
			name = "Supporting Files";
			sourceTree = "<group>";
		};
		8A68F5871A71808A00FEC4EA /* FastestRPMTests */ = {
			isa = PBXGroup;
			children = (
				8A68F58A1A71808A00FEC4EA /* FastestRPMTests.m */,
				8A68F5881A71808A00FEC4EA /* Supporting Files */,
			);
			path = FastestRPMTests;
			sourceTree = "<group>";
		};
		8A68F5881A71808A00FEC4EA /* Supporting Files */ = {
			isa = PBXGroup;
			children = (
				8A68F5891A71808A00FEC4EA /* Info.plist */,
			);
			name = "Supporting Files";
			sourceTree = "<group>";
		};
/* End PBXGroup section */

/* Begin PBXNativeTarget section */
		8A68F56A1A71808A00FEC4EA /* FastestRPM */ = {
			isa = PBXNativeTarget;
			buildConfigurationList = 8A68F58E1A71808A00FEC4EA /* Build configuration list for PBXNativeTarget "FastestRPM" */;
			buildPhases = (
				8A68F5671A71808A00FEC4EA /* Sources */,
				8A68F5681A71808A00FEC4EA /* Frameworks */,
				8A68F5691A71808A00FEC4EA /* Resources */,
			);
			buildRules = (
			);
			dependencies = (
			);
			name = FastestRPM;
			productName = FastestRPM;
			productReference = 8A68F56B1A71808A00FEC4EA /* FastestRPM.app */;
			productType = "com.apple.product-type.application";
		};
		8A68F5831A71808A00FEC4EA /* FastestRPMTests */ = {
			isa = PBXNativeTarget;
			buildConfigurationList = 8A68F5911A71808A00FEC4EA /* Build configuration list for PBXNativeTarget "FastestRPMTests" */;
			buildPhases = (
				8A68F5801A71808A00FEC4EA /* Sources */,
				8A68F5811A71808A00FEC4EA /* Frameworks */,
				8A68F5821A71808A00FEC4EA /* Resources */,
			);
			buildRules = (
			);
			dependencies = (
				8A68F5861A71808A00FEC4EA /* PBXTargetDependency */,
			);
			name = FastestRPMTests;
			productName = FastestRPMTests;
			productReference = 8A68F5841A71808A00FEC4EA /* FastestRPMTests.xctest */;
			productType = "com.apple.product-type.bundle.unit-test";
		};
/* End PBXNativeTarget section */

/* Begin PBXProject section */
		8A68F5631A71808A00FEC4EA /* Project object */ = {
			isa = PBXProject;
			attributes = {
				LastUpgradeCheck = 0620;
				ORGANIZATIONNAME = "David Manuntag";
				TargetAttributes = {
					8A68F56A1A71808A00FEC4EA = {
						CreatedOnToolsVersion = 6.2;
					};
					8A68F5831A71808A00FEC4EA = {
						CreatedOnToolsVersion = 6.2;
						TestTargetID = 8A68F56A1A71808A00FEC4EA;
					};
				};
			};
			buildConfigurationList = 8A68F5661A71808A00FEC4EA /* Build configuration list for PBXProject "FastestRPM" */;
			compatibilityVersion = "Xcode 3.2";
			developmentRegion = English;
			hasScannedForEncodings = 0;
			knownRegions = (
				en,
				Base,
			);
			mainGroup = 8A68F5621A71808A00FEC4EA;
			productRefGroup = 8A68F56C1A71808A00FEC4EA /* Products */;
			projectDirPath = "";
			projectRoot = "";
			targets = (
				8A68F56A1A71808A00FEC4EA /* FastestRPM */,
				8A68F5831A71808A00FEC4EA /* FastestRPMTests */,
			);
		};
/* End PBXProject section */

/* Begin PBXResourcesBuildPhase section */
		8A68F5691A71808A00FEC4EA /* Resources */ = {
			isa = PBXResourcesBuildPhase;
			buildActionMask = 2147483647;
			files = (
				8A68F5961A71810900FEC4EA /* speedNeedle.png in Resources */,
				8A68F57A1A71808A00FEC4EA /* Main.storyboard in Resources */,
				8A68F57F1A71808A00FEC4EA /* LaunchScreen.xib in Resources */,
				8A68F57C1A71808A00FEC4EA /* Images.xcassets in Resources */,
				8A68F5971A71810900FEC4EA /* speedometer.png in Resources */,
			);
			runOnlyForDeploymentPostprocessing = 0;
		};
		8A68F5821A71808A00FEC4EA /* Resources */ = {
			isa = PBXResourcesBuildPhase;
			buildActionMask = 2147483647;
			files = (
			);
			runOnlyForDeploymentPostprocessing = 0;
		};
/* End PBXResourcesBuildPhase section */

/* Begin PBXSourcesBuildPhase section */
		8A68F5671A71808A00FEC4EA /* Sources */ = {
			isa = PBXSourcesBuildPhase;
			buildActionMask = 2147483647;
			files = (
				8A68F5771A71808A00FEC4EA /* ViewController.m in Sources */,
				8A68F5741A71808A00FEC4EA /* AppDelegate.m in Sources */,
				8A68F5711A71808A00FEC4EA /* main.m in Sources */,
			);
			runOnlyForDeploymentPostprocessing = 0;
		};
		8A68F5801A71808A00FEC4EA /* Sources */ = {
			isa = PBXSourcesBuildPhase;
			buildActionMask = 2147483647;
			files = (
				8A68F58B1A71808A00FEC4EA /* FastestRPMTests.m in Sources */,
			);
			runOnlyForDeploymentPostprocessing = 0;
		};
/* End PBXSourcesBuildPhase section */

/* Begin PBXTargetDependency section */
		8A68F5861A71808A00FEC4EA /* PBXTargetDependency */ = {
			isa = PBXTargetDependency;
			target = 8A68F56A1A71808A00FEC4EA /* FastestRPM */;
			targetProxy = 8A68F5851A71808A00FEC4EA /* PBXContainerItemProxy */;
		};
/* End PBXTargetDependency section */

/* Begin PBXVariantGroup section */
		8A68F5781A71808A00FEC4EA /* Main.storyboard */ = {
			isa = PBXVariantGroup;
			children = (
				8A68F5791A71808A00FEC4EA /* Base */,
			);
			name = Main.storyboard;
			sourceTree = "<group>";
		};
		8A68F57D1A71808A00FEC4EA /* LaunchScreen.xib */ = {
			isa = PBXVariantGroup;
			children = (
				8A68F57E1A71808A00FEC4EA /* Base */,
			);
			name = LaunchScreen.xib;
			sourceTree = "<group>";
		};
/* End PBXVariantGroup section */

/* Begin XCBuildConfiguration section */
		8A68F58C1A71808A00FEC4EA /* Debug */ = {
			isa = XCBuildConfiguration;
			buildSettings = {
				ALWAYS_SEARCH_USER_PATHS = NO;
				CLANG_CXX_LANGUAGE_STANDARD = "gnu++0x";
				CLANG_CXX_LIBRARY = "libc++";
				CLANG_ENABLE_MODULES = YES;
				CLANG_ENABLE_OBJC_ARC = YES;
				CLANG_WARN_BOOL_CONVERSION = YES;
				CLANG_WARN_CONSTANT_CONVERSION = YES;
				CLANG_WARN_DIRECT_OBJC_ISA_USAGE = YES_ERROR;
				CLANG_WARN_EMPTY_BODY = YES;
				CLANG_WARN_ENUM_CONVERSION = YES;
				CLANG_WARN_INT_CONVERSION = YES;
				CLANG_WARN_OBJC_ROOT_CLASS = YES_ERROR;
				CLANG_WARN_UNREACHABLE_CODE = YES;
				CLANG_WARN__DUPLICATE_METHOD_MATCH = YES;
				"CODE_SIGN_IDENTITY[sdk=iphoneos*]" = "iPhone Developer";
				COPY_PHASE_STRIP = NO;
				ENABLE_STRICT_OBJC_MSGSEND = YES;
				GCC_C_LANGUAGE_STANDARD = gnu99;
				GCC_DYNAMIC_NO_PIC = NO;
				GCC_OPTIMIZATION_LEVEL = 0;
				GCC_PREPROCESSOR_DEFINITIONS = (
					"DEBUG=1",
					"$(inherited)",
				);
				GCC_SYMBOLS_PRIVATE_EXTERN = NO;
				GCC_WARN_64_TO_32_BIT_CONVERSION = YES;
				GCC_WARN_ABOUT_RETURN_TYPE = YES_ERROR;
				GCC_WARN_UNDECLARED_SELECTOR = YES;
				GCC_WARN_UNINITIALIZED_AUTOS = YES_AGGRESSIVE;
				GCC_WARN_UNUSED_FUNCTION = YES;
				GCC_WARN_UNUSED_VARIABLE = YES;
				IPHONEOS_DEPLOYMENT_TARGET = 8.2;
				MTL_ENABLE_DEBUG_INFO = YES;
				ONLY_ACTIVE_ARCH = YES;
				SDKROOT = iphoneos;
			};
			name = Debug;
		};
		8A68F58D1A71808A00FEC4EA /* Release */ = {
			isa = XCBuildConfiguration;
			buildSettings = {
				ALWAYS_SEARCH_USER_PATHS = NO;
				CLANG_CXX_LANGUAGE_STANDARD = "gnu++0x";
				CLANG_CXX_LIBRARY = "libc++";
				CLANG_ENABLE_MODULES = YES;
				CLANG_ENABLE_OBJC_ARC = YES;
				CLANG_WARN_BOOL_CONVERSION = YES;
				CLANG_WARN_CONSTANT_CONVERSION = YES;
				CLANG_WARN_DIRECT_OBJC_ISA_USAGE = YES_ERROR;
				CLANG_WARN_EMPTY_BODY = YES;
				CLANG_WARN_ENUM_CONVERSION = YES;
				CLANG_WARN_INT_CONVERSION = YES;
				CLANG_WARN_OBJC_ROOT_CLASS = YES_ERROR;
				CLANG_WARN_UNREACHABLE_CODE = YES;
				CLANG_WARN__DUPLICATE_METHOD_MATCH = YES;
				"CODE_SIGN_IDENTITY[sdk=iphoneos*]" = "iPhone Developer";
				COPY_PHASE_STRIP = YES;
				ENABLE_NS_ASSERTIONS = NO;
				ENABLE_STRICT_OBJC_MSGSEND = YES;
				GCC_C_LANGUAGE_STANDARD = gnu99;
				GCC_WARN_64_TO_32_BIT_CONVERSION = YES;
				GCC_WARN_ABOUT_RETURN_TYPE = YES_ERROR;
				GCC_WARN_UNDECLARED_SELECTOR = YES;
				GCC_WARN_UNINITIALIZED_AUTOS = YES_AGGRESSIVE;
				GCC_WARN_UNUSED_FUNCTION = YES;
				GCC_WARN_UNUSED_VARIABLE = YES;
				IPHONEOS_DEPLOYMENT_TARGET = 8.2;
				MTL_ENABLE_DEBUG_INFO = NO;
				SDKROOT = iphoneos;
				VALIDATE_PRODUCT = YES;
			};
			name = Release;
		};
		8A68F58F1A71808A00FEC4EA /* Debug */ = {
			isa = XCBuildConfiguration;
			buildSettings = {
				ASSETCATALOG_COMPILER_APPICON_NAME = AppIcon;
				INFOPLIST_FILE = FastestRPM/Info.plist;
				LD_RUNPATH_SEARCH_PATHS = "$(inherited) @executable_path/Frameworks";
				PRODUCT_NAME = "$(TARGET_NAME)";
			};
			name = Debug;
		};
		8A68F5901A71808A00FEC4EA /* Release */ = {
			isa = XCBuildConfiguration;
			buildSettings = {
				ASSETCATALOG_COMPILER_APPICON_NAME = AppIcon;
				INFOPLIST_FILE = FastestRPM/Info.plist;
				LD_RUNPATH_SEARCH_PATHS = "$(inherited) @executable_path/Frameworks";
				PRODUCT_NAME = "$(TARGET_NAME)";
			};
			name = Release;
		};
		8A68F5921A71808A00FEC4EA /* Debug */ = {
			isa = XCBuildConfiguration;
			buildSettings = {
				BUNDLE_LOADER = "$(TEST_HOST)";
				FRAMEWORK_SEARCH_PATHS = (
					"$(SDKROOT)/Developer/Library/Frameworks",
					"$(inherited)",
				);
				GCC_PREPROCESSOR_DEFINITIONS = (
					"DEBUG=1",
					"$(inherited)",
				);
				INFOPLIST_FILE = FastestRPMTests/Info.plist;
				LD_RUNPATH_SEARCH_PATHS = "$(inherited) @executable_path/Frameworks @loader_path/Frameworks";
				PRODUCT_NAME = "$(TARGET_NAME)";
				TEST_HOST = "$(BUILT_PRODUCTS_DIR)/FastestRPM.app/FastestRPM";
			};
			name = Debug;
		};
		8A68F5931A71808A00FEC4EA /* Release */ = {
			isa = XCBuildConfiguration;
			buildSettings = {
				BUNDLE_LOADER = "$(TEST_HOST)";
				FRAMEWORK_SEARCH_PATHS = (
					"$(SDKROOT)/Developer/Library/Frameworks",
					"$(inherited)",
				);
				INFOPLIST_FILE = FastestRPMTests/Info.plist;
				LD_RUNPATH_SEARCH_PATHS = "$(inherited) @executable_path/Frameworks @loader_path/Frameworks";
				PRODUCT_NAME = "$(TARGET_NAME)";
				TEST_HOST = "$(BUILT_PRODUCTS_DIR)/FastestRPM.app/FastestRPM";
			};
			name = Release;
		};
/* End XCBuildConfiguration section */

/* Begin XCConfigurationList section */
		8A68F5661A71808A00FEC4EA /* Build configuration list for PBXProject "FastestRPM" */ = {
			isa = XCConfigurationList;
			buildConfigurations = (
				8A68F58C1A71808A00FEC4EA /* Debug */,
				8A68F58D1A71808A00FEC4EA /* Release */,
			);
			defaultConfigurationIsVisible = 0;
			defaultConfigurationName = Release;
		};
		8A68F58E1A71808A00FEC4EA /* Build configuration list for PBXNativeTarget "FastestRPM" */ = {
			isa = XCConfigurationList;
			buildConfigurations = (
				8A68F58F1A71808A00FEC4EA /* Debug */,
				8A68F5901A71808A00FEC4EA /* Release */,
			);
			defaultConfigurationIsVisible = 0;
		};
		8A68F5911A71808A00FEC4EA /* Build configuration list for PBXNativeTarget "FastestRPMTests" */ = {
			isa = XCConfigurationList;
			buildConfigurations = (
				8A68F5921A71808A00FEC4EA /* Debug */,
				8A68F5931A71808A00FEC4EA /* Release */,
			);
			defaultConfigurationIsVisible = 0;
		};
/* End XCConfigurationList section */
	};
	rootObject = 8A68F5631A71808A00FEC4EA /* Project object */;
}
